// !$*UTF8*$!
{
	archiveVersion = 1;
	classes = {
	};
	objectVersion = 46;
	objects = {

/* Begin PBXBuildFile section */
		9E6F8AFA1C910BB400A3B82E /* cheats-private.h in Headers */ = {isa = PBXBuildFile; fileRef = 9E6F8AE81C910BB400A3B82E /* cheats-private.h */; };
		9E6F8AFB1C910BB400A3B82E /* codebreaker.c in Sources */ = {isa = PBXBuildFile; fileRef = 9E6F8AE91C910BB400A3B82E /* codebreaker.c */; };
		9E6F8AFC1C910BB400A3B82E /* gameshark.c in Sources */ = {isa = PBXBuildFile; fileRef = 9E6F8AEA1C910BB400A3B82E /* gameshark.c */; };
		9E6F8AFD1C910BB400A3B82E /* gameshark.h in Headers */ = {isa = PBXBuildFile; fileRef = 9E6F8AEB1C910BB400A3B82E /* gameshark.h */; };
		9E6F8AFE1C910BB400A3B82E /* parv3.c in Sources */ = {isa = PBXBuildFile; fileRef = 9E6F8AEC1C910BB400A3B82E /* parv3.c */; };
		9E6F8AFF1C910BB400A3B82E /* parv3.h in Headers */ = {isa = PBXBuildFile; fileRef = 9E6F8AED1C910BB400A3B82E /* parv3.h */; };
		9E6F8B001C910BB400A3B82E /* cheats.c in Sources */ = {isa = PBXBuildFile; fileRef = 9E6F8AEE1C910BB400A3B82E /* cheats.c */; };
		9E6F8B011C910BB400A3B82E /* config.c in Sources */ = {isa = PBXBuildFile; fileRef = 9E6F8AF01C910BB400A3B82E /* config.c */; };
		9E6F8B021C910BB400A3B82E /* config.h in Headers */ = {isa = PBXBuildFile; fileRef = 9E6F8AF11C910BB400A3B82E /* config.h */; };
		9E6F8B041C910BB400A3B82E /* context.h in Headers */ = {isa = PBXBuildFile; fileRef = 9E6F8AF31C910BB400A3B82E /* context.h */; };
		9E6F8B061C910BB400A3B82E /* directories.h in Headers */ = {isa = PBXBuildFile; fileRef = 9E6F8AF51C910BB400A3B82E /* directories.h */; };
		9E6F8B071C910BB400A3B82E /* overrides.c in Sources */ = {isa = PBXBuildFile; fileRef = 9E6F8AF61C910BB400A3B82E /* overrides.c */; };
		9E6F8B081C910BB400A3B82E /* overrides.h in Headers */ = {isa = PBXBuildFile; fileRef = 9E6F8AF71C910BB400A3B82E /* overrides.h */; };
		9E6F8B091C910BB400A3B82E /* sync.c in Sources */ = {isa = PBXBuildFile; fileRef = 9E6F8AF81C910BB400A3B82E /* sync.c */; };
		9E6F8B0A1C910BB400A3B82E /* sync.h in Headers */ = {isa = PBXBuildFile; fileRef = 9E6F8AF91C910BB400A3B82E /* sync.h */; };
		9E6F8B0F1C910BF300A3B82E /* software-bg.c in Sources */ = {isa = PBXBuildFile; fileRef = 9E6F8B0B1C910BF300A3B82E /* software-bg.c */; };
		9E6F8B101C910BF300A3B82E /* software-mode0.c in Sources */ = {isa = PBXBuildFile; fileRef = 9E6F8B0C1C910BF300A3B82E /* software-mode0.c */; };
		9E6F8B111C910BF300A3B82E /* software-obj.c in Sources */ = {isa = PBXBuildFile; fileRef = 9E6F8B0D1C910BF300A3B82E /* software-obj.c */; };
		9E6F8B121C910BF300A3B82E /* software-private.h in Headers */ = {isa = PBXBuildFile; fileRef = 9E6F8B0E1C910BF300A3B82E /* software-private.h */; };
		9E6F8B141C910C9400A3B82E /* configuration.c in Sources */ = {isa = PBXBuildFile; fileRef = 9E6F8B131C910C9400A3B82E /* configuration.c */; };
		9E6F8B1C1C910D3100A3B82E /* ini.c in Sources */ = {isa = PBXBuildFile; fileRef = 9E6F8B181C910D3100A3B82E /* ini.c */; };
		9E6F8B1D1C910D3100A3B82E /* ini.h in Headers */ = {isa = PBXBuildFile; fileRef = 9E6F8B191C910D3100A3B82E /* ini.h */; };
		9E6F8B1E1C910D3100A3B82E /* README.md in Sources */ = {isa = PBXBuildFile; fileRef = 9E6F8B1B1C910D3100A3B82E /* README.md */; };
		9E8AD15E1B37A90800627671 /* arm.c in Sources */ = {isa = PBXBuildFile; fileRef = 9E8AD14E1B37A90800627671 /* arm.c */; };
		9E8AD15F1B37A90800627671 /* arm.h in Headers */ = {isa = PBXBuildFile; fileRef = 9E8AD14F1B37A90800627671 /* arm.h */; };
		9E8AD1601B37A90800627671 /* decoder-arm.c in Sources */ = {isa = PBXBuildFile; fileRef = 9E8AD1501B37A90800627671 /* decoder-arm.c */; };
		9E8AD1611B37A90800627671 /* decoder-inlines.h in Headers */ = {isa = PBXBuildFile; fileRef = 9E8AD1511B37A90800627671 /* decoder-inlines.h */; };
		9E8AD1621B37A90800627671 /* decoder-thumb.c in Sources */ = {isa = PBXBuildFile; fileRef = 9E8AD1521B37A90800627671 /* decoder-thumb.c */; };
		9E8AD1631B37A90800627671 /* decoder.c in Sources */ = {isa = PBXBuildFile; fileRef = 9E8AD1531B37A90800627671 /* decoder.c */; };
		9E8AD1641B37A90800627671 /* decoder.h in Headers */ = {isa = PBXBuildFile; fileRef = 9E8AD1541B37A90800627671 /* decoder.h */; };
		9E8AD1651B37A90800627671 /* emitter-arm.h in Headers */ = {isa = PBXBuildFile; fileRef = 9E8AD1551B37A90800627671 /* emitter-arm.h */; };
		9E8AD1661B37A90800627671 /* emitter-inlines.h in Headers */ = {isa = PBXBuildFile; fileRef = 9E8AD1561B37A90800627671 /* emitter-inlines.h */; };
		9E8AD1671B37A90800627671 /* emitter-thumb.h in Headers */ = {isa = PBXBuildFile; fileRef = 9E8AD1571B37A90800627671 /* emitter-thumb.h */; };
		9E8AD1681B37A90800627671 /* isa-arm.c in Sources */ = {isa = PBXBuildFile; fileRef = 9E8AD1581B37A90800627671 /* isa-arm.c */; };
		9E8AD1691B37A90800627671 /* isa-arm.h in Headers */ = {isa = PBXBuildFile; fileRef = 9E8AD1591B37A90800627671 /* isa-arm.h */; };
		9E8AD16A1B37A90800627671 /* isa-inlines.h in Headers */ = {isa = PBXBuildFile; fileRef = 9E8AD15A1B37A90800627671 /* isa-inlines.h */; };
		9E8AD16B1B37A90800627671 /* isa-thumb.c in Sources */ = {isa = PBXBuildFile; fileRef = 9E8AD15B1B37A90800627671 /* isa-thumb.c */; };
		9E8AD16C1B37A90800627671 /* isa-thumb.h in Headers */ = {isa = PBXBuildFile; fileRef = 9E8AD15C1B37A90800627671 /* isa-thumb.h */; };
		9E8AD16D1B37A90800627671 /* macros.h in Headers */ = {isa = PBXBuildFile; fileRef = 9E8AD15D1B37A90800627671 /* macros.h */; };
		9E8AD1AC1B37A91800627671 /* audio.c in Sources */ = {isa = PBXBuildFile; fileRef = 9E8AD16F1B37A91800627671 /* audio.c */; };
		9E8AD1AD1B37A91800627671 /* audio.h in Headers */ = {isa = PBXBuildFile; fileRef = 9E8AD1701B37A91800627671 /* audio.h */; };
		9E8AD1AE1B37A91800627671 /* bios.c in Sources */ = {isa = PBXBuildFile; fileRef = 9E8AD1711B37A91800627671 /* bios.c */; };
		9E8AD1AF1B37A91800627671 /* bios.h in Headers */ = {isa = PBXBuildFile; fileRef = 9E8AD1721B37A91800627671 /* bios.h */; };
		9E8AD1B71B37A91800627671 /* cheats.h in Headers */ = {isa = PBXBuildFile; fileRef = 9E8AD17B1B37A91800627671 /* cheats.h */; };
		9E8AD1B81B37A91800627671 /* gba.c in Sources */ = {isa = PBXBuildFile; fileRef = 9E8AD17C1B37A91800627671 /* gba.c */; };
		9E8AD1B91B37A91800627671 /* gba.h in Headers */ = {isa = PBXBuildFile; fileRef = 9E8AD17D1B37A91800627671 /* gba.h */; };
		9E8AD1BA1B37A91800627671 /* hardware.c in Sources */ = {isa = PBXBuildFile; fileRef = 9E8AD17E1B37A91800627671 /* hardware.c */; };
		9E8AD1BB1B37A91800627671 /* hardware.h in Headers */ = {isa = PBXBuildFile; fileRef = 9E8AD17F1B37A91800627671 /* hardware.h */; };
		9E8AD1BC1B37A91800627671 /* hle-bios.c in Sources */ = {isa = PBXBuildFile; fileRef = 9E8AD1801B37A91800627671 /* hle-bios.c */; };
		9E8AD1BD1B37A91800627671 /* hle-bios.h in Headers */ = {isa = PBXBuildFile; fileRef = 9E8AD1811B37A91800627671 /* hle-bios.h */; };
		9E8AD1C01B37A91800627671 /* input.h in Headers */ = {isa = PBXBuildFile; fileRef = 9E8AD1851B37A91800627671 /* input.h */; };
		9E8AD1C11B37A91800627671 /* io.c in Sources */ = {isa = PBXBuildFile; fileRef = 9E8AD1861B37A91800627671 /* io.c */; };
		9E8AD1C21B37A91800627671 /* io.h in Headers */ = {isa = PBXBuildFile; fileRef = 9E8AD1871B37A91800627671 /* io.h */; };
		9E8AD1C31B37A91800627671 /* memory.c in Sources */ = {isa = PBXBuildFile; fileRef = 9E8AD1881B37A91800627671 /* memory.c */; };
		9E8AD1C41B37A91800627671 /* memory.h in Headers */ = {isa = PBXBuildFile; fileRef = 9E8AD1891B37A91800627671 /* memory.h */; };
		9E8AD1C51B37A91800627671 /* video-software.c in Sources */ = {isa = PBXBuildFile; fileRef = 9E8AD18B1B37A91800627671 /* video-software.c */; };
		9E8AD1C61B37A91800627671 /* video-software.h in Headers */ = {isa = PBXBuildFile; fileRef = 9E8AD18C1B37A91800627671 /* video-software.h */; };
		9E8AD1CB1B37A91800627671 /* savedata.c in Sources */ = {isa = PBXBuildFile; fileRef = 9E8AD1921B37A91800627671 /* savedata.c */; };
		9E8AD1CC1B37A91800627671 /* savedata.h in Headers */ = {isa = PBXBuildFile; fileRef = 9E8AD1931B37A91800627671 /* savedata.h */; };
		9E8AD1CD1B37A91800627671 /* serialize.c in Sources */ = {isa = PBXBuildFile; fileRef = 9E8AD1941B37A91800627671 /* serialize.c */; };
		9E8AD1CE1B37A91800627671 /* serialize.h in Headers */ = {isa = PBXBuildFile; fileRef = 9E8AD1951B37A91800627671 /* serialize.h */; };
		9E8AD1CF1B37A91800627671 /* sharkport.c in Sources */ = {isa = PBXBuildFile; fileRef = 9E8AD1961B37A91800627671 /* sharkport.c */; };
		9E8AD1D01B37A91800627671 /* sharkport.h in Headers */ = {isa = PBXBuildFile; fileRef = 9E8AD1971B37A91800627671 /* sharkport.h */; };
		9E8AD1D11B37A91800627671 /* lockstep.c in Sources */ = {isa = PBXBuildFile; fileRef = 9E8AD1991B37A91800627671 /* lockstep.c */; };
		9E8AD1D21B37A91800627671 /* lockstep.h in Headers */ = {isa = PBXBuildFile; fileRef = 9E8AD19A1B37A91800627671 /* lockstep.h */; };
		9E8AD1D31B37A91800627671 /* sio.c in Sources */ = {isa = PBXBuildFile; fileRef = 9E8AD19B1B37A91800627671 /* sio.c */; };
		9E8AD1D41B37A91800627671 /* sio.h in Headers */ = {isa = PBXBuildFile; fileRef = 9E8AD19C1B37A91800627671 /* sio.h */; };
		9E8AD1E11B37A91800627671 /* video.c in Sources */ = {isa = PBXBuildFile; fileRef = 9E8AD1AA1B37A91800627671 /* video.c */; };
		9E8AD1E21B37A91800627671 /* video.h in Headers */ = {isa = PBXBuildFile; fileRef = 9E8AD1AB1B37A91800627671 /* video.h */; };
		9E8AD2811B37A93600627671 /* blip_buf.c in Sources */ = {isa = PBXBuildFile; fileRef = 9E8AD1E51B37A93600627671 /* blip_buf.c */; };
		9E8AD2821B37A93600627671 /* blip_buf.h in Headers */ = {isa = PBXBuildFile; fileRef = 9E8AD1E61B37A93600627671 /* blip_buf.h */; };
		9E8AD2DB1B37A93600627671 /* arm-algo.h in Headers */ = {isa = PBXBuildFile; fileRef = 9E8AD25A1B37A93600627671 /* arm-algo.h */; };
		9E8AD2DD1B37A93600627671 /* circle-buffer.c in Sources */ = {isa = PBXBuildFile; fileRef = 9E8AD25C1B37A93600627671 /* circle-buffer.c */; };
		9E8AD2DE1B37A93600627671 /* circle-buffer.h in Headers */ = {isa = PBXBuildFile; fileRef = 9E8AD25D1B37A93600627671 /* circle-buffer.h */; };
		9E8AD2DF1B37A93600627671 /* common.h in Headers */ = {isa = PBXBuildFile; fileRef = 9E8AD25E1B37A93600627671 /* common.h */; };
		9E8AD2E11B37A93600627671 /* configuration.h in Headers */ = {isa = PBXBuildFile; fileRef = 9E8AD2601B37A93600627671 /* configuration.h */; };
		9E8AD2E21B37A93600627671 /* crc32.c in Sources */ = {isa = PBXBuildFile; fileRef = 9E8AD2611B37A93600627671 /* crc32.c */; };
		9E8AD2E31B37A93600627671 /* crc32.h in Headers */ = {isa = PBXBuildFile; fileRef = 9E8AD2621B37A93600627671 /* crc32.h */; };
		9E8AD2E41B37A93600627671 /* formatting.c in Sources */ = {isa = PBXBuildFile; fileRef = 9E8AD2631B37A93600627671 /* formatting.c */; };
		9E8AD2E51B37A93600627671 /* formatting.h in Headers */ = {isa = PBXBuildFile; fileRef = 9E8AD2641B37A93600627671 /* formatting.h */; };
		9E8AD2E61B37A93600627671 /* hash.c in Sources */ = {isa = PBXBuildFile; fileRef = 9E8AD2651B37A93600627671 /* hash.c */; };
		9E8AD2E71B37A93600627671 /* hash.h in Headers */ = {isa = PBXBuildFile; fileRef = 9E8AD2661B37A93600627671 /* hash.h */; };
		9E8AD2E81B37A93600627671 /* memory.h in Headers */ = {isa = PBXBuildFile; fileRef = 9E8AD2671B37A93600627671 /* memory.h */; };
		9E8AD2EA1B37A93600627671 /* patch-ips.h in Headers */ = {isa = PBXBuildFile; fileRef = 9E8AD2691B37A93600627671 /* patch-ips.h */; };
		9E8AD2EC1B37A93600627671 /* patch-ups.h in Headers */ = {isa = PBXBuildFile; fileRef = 9E8AD26B1B37A93600627671 /* patch-ups.h */; };
		9E8AD2EE1B37A93600627671 /* patch.h in Headers */ = {isa = PBXBuildFile; fileRef = 9E8AD26D1B37A93600627671 /* patch.h */; };
		9E8AD2F01B37A93600627671 /* png-io.h in Headers */ = {isa = PBXBuildFile; fileRef = 9E8AD26F1B37A93600627671 /* png-io.h */; };
		9E8AD2F11B37A93600627671 /* socket.h in Headers */ = {isa = PBXBuildFile; fileRef = 9E8AD2701B37A93600627671 /* socket.h */; };
		9E8AD2F21B37A93600627671 /* string.c in Sources */ = {isa = PBXBuildFile; fileRef = 9E8AD2711B37A93600627671 /* string.c */; };
		9E8AD2F31B37A93600627671 /* string.h in Headers */ = {isa = PBXBuildFile; fileRef = 9E8AD2721B37A93600627671 /* string.h */; };
		9E8AD2F41B37A93600627671 /* table.c in Sources */ = {isa = PBXBuildFile; fileRef = 9E8AD2731B37A93600627671 /* table.c */; };
		9E8AD2F51B37A93600627671 /* table.h in Headers */ = {isa = PBXBuildFile; fileRef = 9E8AD2741B37A93600627671 /* table.h */; };
		9E8AD2F61B37A93600627671 /* threading.h in Headers */ = {isa = PBXBuildFile; fileRef = 9E8AD2751B37A93600627671 /* threading.h */; };
		9E8AD2F71B37A93600627671 /* vector.h in Headers */ = {isa = PBXBuildFile; fileRef = 9E8AD2761B37A93600627671 /* vector.h */; };
		9E8AD2F81B37A93600627671 /* version.h in Headers */ = {isa = PBXBuildFile; fileRef = 9E8AD2781B37A93600627671 /* version.h */; };
		9E8AD2FE1B37A93600627671 /* vfs.c in Sources */ = {isa = PBXBuildFile; fileRef = 9E8AD27F1B37A93600627671 /* vfs.c */; };
		9E8AD2FF1B37A93600627671 /* vfs.h in Headers */ = {isa = PBXBuildFile; fileRef = 9E8AD2801B37A93600627671 /* vfs.h */; };
		9E8AD3011B37A94400627671 /* bizinterface.c in Sources */ = {isa = PBXBuildFile; fileRef = 9E8AD3001B37A94400627671 /* bizinterface.c */; };
		9E8AD30B1B37AAB500627671 /* vfs-mem.c in Sources */ = {isa = PBXBuildFile; fileRef = 9E8AD3061B37AAB500627671 /* vfs-mem.c */; };
		9E8AD3101B37B14C00627671 /* memory.c in Sources */ = {isa = PBXBuildFile; fileRef = 9E8AD30F1B37B14C00627671 /* memory.c */; };
/* End PBXBuildFile section */

/* Begin PBXFileReference section */
		9E6F8AE81C910BB400A3B82E /* cheats-private.h */ = {isa = PBXFileReference; fileEncoding = 4; lastKnownFileType = sourcecode.c.h; path = "cheats-private.h"; sourceTree = "<group>"; };
		9E6F8AE91C910BB400A3B82E /* codebreaker.c */ = {isa = PBXFileReference; fileEncoding = 4; lastKnownFileType = sourcecode.c.c; path = codebreaker.c; sourceTree = "<group>"; };
		9E6F8AEA1C910BB400A3B82E /* gameshark.c */ = {isa = PBXFileReference; fileEncoding = 4; lastKnownFileType = sourcecode.c.c; path = gameshark.c; sourceTree = "<group>"; };
		9E6F8AEB1C910BB400A3B82E /* gameshark.h */ = {isa = PBXFileReference; fileEncoding = 4; lastKnownFileType = sourcecode.c.h; path = gameshark.h; sourceTree = "<group>"; };
		9E6F8AEC1C910BB400A3B82E /* parv3.c */ = {isa = PBXFileReference; fileEncoding = 4; lastKnownFileType = sourcecode.c.c; path = parv3.c; sourceTree = "<group>"; };
		9E6F8AED1C910BB400A3B82E /* parv3.h */ = {isa = PBXFileReference; fileEncoding = 4; lastKnownFileType = sourcecode.c.h; path = parv3.h; sourceTree = "<group>"; };
		9E6F8AEE1C910BB400A3B82E /* cheats.c */ = {isa = PBXFileReference; fileEncoding = 4; lastKnownFileType = sourcecode.c.c; path = cheats.c; sourceTree = "<group>"; };
		9E6F8AF01C910BB400A3B82E /* config.c */ = {isa = PBXFileReference; fileEncoding = 4; lastKnownFileType = sourcecode.c.c; path = config.c; sourceTree = "<group>"; };
		9E6F8AF11C910BB400A3B82E /* config.h */ = {isa = PBXFileReference; fileEncoding = 4; lastKnownFileType = sourcecode.c.h; path = config.h; sourceTree = "<group>"; };
		9E6F8AF21C910BB400A3B82E /* context.c */ = {isa = PBXFileReference; fileEncoding = 4; lastKnownFileType = sourcecode.c.c; path = context.c; sourceTree = "<group>"; };
		9E6F8AF31C910BB400A3B82E /* context.h */ = {isa = PBXFileReference; fileEncoding = 4; lastKnownFileType = sourcecode.c.h; path = context.h; sourceTree = "<group>"; };
		9E6F8AF41C910BB400A3B82E /* directories.c */ = {isa = PBXFileReference; fileEncoding = 4; lastKnownFileType = sourcecode.c.c; path = directories.c; sourceTree = "<group>"; };
		9E6F8AF51C910BB400A3B82E /* directories.h */ = {isa = PBXFileReference; fileEncoding = 4; lastKnownFileType = sourcecode.c.h; path = directories.h; sourceTree = "<group>"; };
		9E6F8AF61C910BB400A3B82E /* overrides.c */ = {isa = PBXFileReference; fileEncoding = 4; lastKnownFileType = sourcecode.c.c; path = overrides.c; sourceTree = "<group>"; };
		9E6F8AF71C910BB400A3B82E /* overrides.h */ = {isa = PBXFileReference; fileEncoding = 4; lastKnownFileType = sourcecode.c.h; path = overrides.h; sourceTree = "<group>"; };
		9E6F8AF81C910BB400A3B82E /* sync.c */ = {isa = PBXFileReference; fileEncoding = 4; lastKnownFileType = sourcecode.c.c; path = sync.c; sourceTree = "<group>"; };
		9E6F8AF91C910BB400A3B82E /* sync.h */ = {isa = PBXFileReference; fileEncoding = 4; lastKnownFileType = sourcecode.c.h; path = sync.h; sourceTree = "<group>"; };
		9E6F8B0B1C910BF300A3B82E /* software-bg.c */ = {isa = PBXFileReference; fileEncoding = 4; lastKnownFileType = sourcecode.c.c; path = "software-bg.c"; sourceTree = "<group>"; };
		9E6F8B0C1C910BF300A3B82E /* software-mode0.c */ = {isa = PBXFileReference; fileEncoding = 4; lastKnownFileType = sourcecode.c.c; path = "software-mode0.c"; sourceTree = "<group>"; };
		9E6F8B0D1C910BF300A3B82E /* software-obj.c */ = {isa = PBXFileReference; fileEncoding = 4; lastKnownFileType = sourcecode.c.c; path = "software-obj.c"; sourceTree = "<group>"; };
		9E6F8B0E1C910BF300A3B82E /* software-private.h */ = {isa = PBXFileReference; fileEncoding = 4; lastKnownFileType = sourcecode.c.h; path = "software-private.h"; sourceTree = "<group>"; };
		9E6F8B131C910C9400A3B82E /* configuration.c */ = {isa = PBXFileReference; fileEncoding = 4; lastKnownFileType = sourcecode.c.c; path = configuration.c; sourceTree = "<group>"; };
		9E6F8B151C910CD800A3B82E /* localtime_r.c */ = {isa = PBXFileReference; fileEncoding = 4; lastKnownFileType = sourcecode.c.c; name = localtime_r.c; path = ../localtime_r.c; sourceTree = "<group>"; };
		9E6F8B181C910D3100A3B82E /* ini.c */ = {isa = PBXFileReference; fileEncoding = 4; lastKnownFileType = sourcecode.c.c; path = ini.c; sourceTree = "<group>"; };
		9E6F8B191C910D3100A3B82E /* ini.h */ = {isa = PBXFileReference; fileEncoding = 4; lastKnownFileType = sourcecode.c.h; path = ini.h; sourceTree = "<group>"; };
		9E6F8B1A1C910D3100A3B82E /* LICENSE.txt */ = {isa = PBXFileReference; fileEncoding = 4; lastKnownFileType = text; path = LICENSE.txt; sourceTree = "<group>"; };
		9E6F8B1B1C910D3100A3B82E /* README.md */ = {isa = PBXFileReference; fileEncoding = 4; lastKnownFileType = net.daringfireball.markdown; path = README.md; sourceTree = "<group>"; };
		9E8AD1261B37A78F00627671 /* libmgba.dylib */ = {isa = PBXFileReference; explicitFileType = "compiled.mach-o.dylib"; includeInIndex = 0; path = libmgba.dylib; sourceTree = BUILT_PRODUCTS_DIR; };
		9E8AD14E1B37A90800627671 /* arm.c */ = {isa = PBXFileReference; fileEncoding = 4; lastKnownFileType = sourcecode.c.c; path = arm.c; sourceTree = "<group>"; };
		9E8AD14F1B37A90800627671 /* arm.h */ = {isa = PBXFileReference; fileEncoding = 4; lastKnownFileType = sourcecode.c.h; path = arm.h; sourceTree = "<group>"; };
		9E8AD1501B37A90800627671 /* decoder-arm.c */ = {isa = PBXFileReference; fileEncoding = 4; lastKnownFileType = sourcecode.c.c; path = "decoder-arm.c"; sourceTree = "<group>"; };
		9E8AD1511B37A90800627671 /* decoder-inlines.h */ = {isa = PBXFileReference; fileEncoding = 4; lastKnownFileType = sourcecode.c.h; path = "decoder-inlines.h"; sourceTree = "<group>"; };
		9E8AD1521B37A90800627671 /* decoder-thumb.c */ = {isa = PBXFileReference; fileEncoding = 4; lastKnownFileType = sourcecode.c.c; path = "decoder-thumb.c"; sourceTree = "<group>"; };
		9E8AD1531B37A90800627671 /* decoder.c */ = {isa = PBXFileReference; fileEncoding = 4; lastKnownFileType = sourcecode.c.c; path = decoder.c; sourceTree = "<group>"; };
		9E8AD1541B37A90800627671 /* decoder.h */ = {isa = PBXFileReference; fileEncoding = 4; lastKnownFileType = sourcecode.c.h; path = decoder.h; sourceTree = "<group>"; };
		9E8AD1551B37A90800627671 /* emitter-arm.h */ = {isa = PBXFileReference; fileEncoding = 4; lastKnownFileType = sourcecode.c.h; path = "emitter-arm.h"; sourceTree = "<group>"; };
		9E8AD1561B37A90800627671 /* emitter-inlines.h */ = {isa = PBXFileReference; fileEncoding = 4; lastKnownFileType = sourcecode.c.h; path = "emitter-inlines.h"; sourceTree = "<group>"; };
		9E8AD1571B37A90800627671 /* emitter-thumb.h */ = {isa = PBXFileReference; fileEncoding = 4; lastKnownFileType = sourcecode.c.h; path = "emitter-thumb.h"; sourceTree = "<group>"; };
		9E8AD1581B37A90800627671 /* isa-arm.c */ = {isa = PBXFileReference; fileEncoding = 4; lastKnownFileType = sourcecode.c.c; path = "isa-arm.c"; sourceTree = "<group>"; };
		9E8AD1591B37A90800627671 /* isa-arm.h */ = {isa = PBXFileReference; fileEncoding = 4; lastKnownFileType = sourcecode.c.h; path = "isa-arm.h"; sourceTree = "<group>"; };
		9E8AD15A1B37A90800627671 /* isa-inlines.h */ = {isa = PBXFileReference; fileEncoding = 4; lastKnownFileType = sourcecode.c.h; path = "isa-inlines.h"; sourceTree = "<group>"; };
		9E8AD15B1B37A90800627671 /* isa-thumb.c */ = {isa = PBXFileReference; fileEncoding = 4; lastKnownFileType = sourcecode.c.c; path = "isa-thumb.c"; sourceTree = "<group>"; };
		9E8AD15C1B37A90800627671 /* isa-thumb.h */ = {isa = PBXFileReference; fileEncoding = 4; lastKnownFileType = sourcecode.c.h; path = "isa-thumb.h"; sourceTree = "<group>"; };
		9E8AD15D1B37A90800627671 /* macros.h */ = {isa = PBXFileReference; fileEncoding = 4; lastKnownFileType = sourcecode.c.h; path = macros.h; sourceTree = "<group>"; };
		9E8AD16F1B37A91800627671 /* audio.c */ = {isa = PBXFileReference; fileEncoding = 4; lastKnownFileType = sourcecode.c.c; path = audio.c; sourceTree = "<group>"; };
		9E8AD1701B37A91800627671 /* audio.h */ = {isa = PBXFileReference; fileEncoding = 4; lastKnownFileType = sourcecode.c.h; path = audio.h; sourceTree = "<group>"; };
		9E8AD1711B37A91800627671 /* bios.c */ = {isa = PBXFileReference; fileEncoding = 4; lastKnownFileType = sourcecode.c.c; path = bios.c; sourceTree = "<group>"; };
		9E8AD1721B37A91800627671 /* bios.h */ = {isa = PBXFileReference; fileEncoding = 4; lastKnownFileType = sourcecode.c.h; path = bios.h; sourceTree = "<group>"; };
		9E8AD17B1B37A91800627671 /* cheats.h */ = {isa = PBXFileReference; fileEncoding = 4; lastKnownFileType = sourcecode.c.h; path = cheats.h; sourceTree = "<group>"; };
		9E8AD17C1B37A91800627671 /* gba.c */ = {isa = PBXFileReference; fileEncoding = 4; lastKnownFileType = sourcecode.c.c; path = gba.c; sourceTree = "<group>"; };
		9E8AD17D1B37A91800627671 /* gba.h */ = {isa = PBXFileReference; fileEncoding = 4; lastKnownFileType = sourcecode.c.h; path = gba.h; sourceTree = "<group>"; };
		9E8AD17E1B37A91800627671 /* hardware.c */ = {isa = PBXFileReference; fileEncoding = 4; lastKnownFileType = sourcecode.c.c; path = hardware.c; sourceTree = "<group>"; };
		9E8AD17F1B37A91800627671 /* hardware.h */ = {isa = PBXFileReference; fileEncoding = 4; lastKnownFileType = sourcecode.c.h; path = hardware.h; sourceTree = "<group>"; };
		9E8AD1801B37A91800627671 /* hle-bios.c */ = {isa = PBXFileReference; fileEncoding = 4; lastKnownFileType = sourcecode.c.c; path = "hle-bios.c"; sourceTree = "<group>"; };
		9E8AD1811B37A91800627671 /* hle-bios.h */ = {isa = PBXFileReference; fileEncoding = 4; lastKnownFileType = sourcecode.c.h; path = "hle-bios.h"; sourceTree = "<group>"; };
		9E8AD1851B37A91800627671 /* input.h */ = {isa = PBXFileReference; fileEncoding = 4; lastKnownFileType = sourcecode.c.h; path = input.h; sourceTree = "<group>"; };
		9E8AD1861B37A91800627671 /* io.c */ = {isa = PBXFileReference; fileEncoding = 4; lastKnownFileType = sourcecode.c.c; path = io.c; sourceTree = "<group>"; };
		9E8AD1871B37A91800627671 /* io.h */ = {isa = PBXFileReference; fileEncoding = 4; lastKnownFileType = sourcecode.c.h; path = io.h; sourceTree = "<group>"; };
		9E8AD1881B37A91800627671 /* memory.c */ = {isa = PBXFileReference; fileEncoding = 4; lastKnownFileType = sourcecode.c.c; path = memory.c; sourceTree = "<group>"; };
		9E8AD1891B37A91800627671 /* memory.h */ = {isa = PBXFileReference; fileEncoding = 4; lastKnownFileType = sourcecode.c.h; path = memory.h; sourceTree = "<group>"; };
		9E8AD18B1B37A91800627671 /* video-software.c */ = {isa = PBXFileReference; fileEncoding = 4; lastKnownFileType = sourcecode.c.c; path = "video-software.c"; sourceTree = "<group>"; };
		9E8AD18C1B37A91800627671 /* video-software.h */ = {isa = PBXFileReference; fileEncoding = 4; lastKnownFileType = sourcecode.c.h; path = "video-software.h"; sourceTree = "<group>"; };
		9E8AD1921B37A91800627671 /* savedata.c */ = {isa = PBXFileReference; fileEncoding = 4; lastKnownFileType = sourcecode.c.c; path = savedata.c; sourceTree = "<group>"; };
		9E8AD1931B37A91800627671 /* savedata.h */ = {isa = PBXFileReference; fileEncoding = 4; lastKnownFileType = sourcecode.c.h; path = savedata.h; sourceTree = "<group>"; };
		9E8AD1941B37A91800627671 /* serialize.c */ = {isa = PBXFileReference; fileEncoding = 4; lastKnownFileType = sourcecode.c.c; path = serialize.c; sourceTree = "<group>"; };
		9E8AD1951B37A91800627671 /* serialize.h */ = {isa = PBXFileReference; fileEncoding = 4; lastKnownFileType = sourcecode.c.h; path = serialize.h; sourceTree = "<group>"; };
		9E8AD1961B37A91800627671 /* sharkport.c */ = {isa = PBXFileReference; fileEncoding = 4; lastKnownFileType = sourcecode.c.c; path = sharkport.c; sourceTree = "<group>"; };
		9E8AD1971B37A91800627671 /* sharkport.h */ = {isa = PBXFileReference; fileEncoding = 4; lastKnownFileType = sourcecode.c.h; path = sharkport.h; sourceTree = "<group>"; };
		9E8AD1991B37A91800627671 /* lockstep.c */ = {isa = PBXFileReference; fileEncoding = 4; lastKnownFileType = sourcecode.c.c; path = lockstep.c; sourceTree = "<group>"; };
		9E8AD19A1B37A91800627671 /* lockstep.h */ = {isa = PBXFileReference; fileEncoding = 4; lastKnownFileType = sourcecode.c.h; path = lockstep.h; sourceTree = "<group>"; };
		9E8AD19B1B37A91800627671 /* sio.c */ = {isa = PBXFileReference; fileEncoding = 4; lastKnownFileType = sourcecode.c.c; path = sio.c; sourceTree = "<group>"; };
		9E8AD19C1B37A91800627671 /* sio.h */ = {isa = PBXFileReference; fileEncoding = 4; lastKnownFileType = sourcecode.c.h; path = sio.h; sourceTree = "<group>"; };
		9E8AD1AA1B37A91800627671 /* video.c */ = {isa = PBXFileReference; fileEncoding = 4; lastKnownFileType = sourcecode.c.c; path = video.c; sourceTree = "<group>"; };
		9E8AD1AB1B37A91800627671 /* video.h */ = {isa = PBXFileReference; fileEncoding = 4; lastKnownFileType = sourcecode.c.h; path = video.h; sourceTree = "<group>"; };
		9E8AD1E51B37A93600627671 /* blip_buf.c */ = {isa = PBXFileReference; fileEncoding = 4; lastKnownFileType = sourcecode.c.c; path = blip_buf.c; sourceTree = "<group>"; };
		9E8AD1E61B37A93600627671 /* blip_buf.h */ = {isa = PBXFileReference; fileEncoding = 4; lastKnownFileType = sourcecode.c.h; path = blip_buf.h; sourceTree = "<group>"; };
		9E8AD25A1B37A93600627671 /* arm-algo.h */ = {isa = PBXFileReference; fileEncoding = 4; lastKnownFileType = sourcecode.c.h; path = "arm-algo.h"; sourceTree = "<group>"; };
		9E8AD25C1B37A93600627671 /* circle-buffer.c */ = {isa = PBXFileReference; fileEncoding = 4; lastKnownFileType = sourcecode.c.c; path = "circle-buffer.c"; sourceTree = "<group>"; };
		9E8AD25D1B37A93600627671 /* circle-buffer.h */ = {isa = PBXFileReference; fileEncoding = 4; lastKnownFileType = sourcecode.c.h; path = "circle-buffer.h"; sourceTree = "<group>"; };
		9E8AD25E1B37A93600627671 /* common.h */ = {isa = PBXFileReference; fileEncoding = 4; lastKnownFileType = sourcecode.c.h; path = common.h; sourceTree = "<group>"; };
		9E8AD2601B37A93600627671 /* configuration.h */ = {isa = PBXFileReference; fileEncoding = 4; lastKnownFileType = sourcecode.c.h; path = configuration.h; sourceTree = "<group>"; };
		9E8AD2611B37A93600627671 /* crc32.c */ = {isa = PBXFileReference; fileEncoding = 4; lastKnownFileType = sourcecode.c.c; path = crc32.c; sourceTree = "<group>"; };
		9E8AD2621B37A93600627671 /* crc32.h */ = {isa = PBXFileReference; fileEncoding = 4; lastKnownFileType = sourcecode.c.h; path = crc32.h; sourceTree = "<group>"; };
		9E8AD2631B37A93600627671 /* formatting.c */ = {isa = PBXFileReference; fileEncoding = 4; lastKnownFileType = sourcecode.c.c; path = formatting.c; sourceTree = "<group>"; };
		9E8AD2641B37A93600627671 /* formatting.h */ = {isa = PBXFileReference; fileEncoding = 4; lastKnownFileType = sourcecode.c.h; path = formatting.h; sourceTree = "<group>"; };
		9E8AD2651B37A93600627671 /* hash.c */ = {isa = PBXFileReference; fileEncoding = 4; lastKnownFileType = sourcecode.c.c; path = hash.c; sourceTree = "<group>"; };
		9E8AD2661B37A93600627671 /* hash.h */ = {isa = PBXFileReference; fileEncoding = 4; lastKnownFileType = sourcecode.c.h; path = hash.h; sourceTree = "<group>"; };
		9E8AD2671B37A93600627671 /* memory.h */ = {isa = PBXFileReference; fileEncoding = 4; lastKnownFileType = sourcecode.c.h; path = memory.h; sourceTree = "<group>"; };
		9E8AD2691B37A93600627671 /* patch-ips.h */ = {isa = PBXFileReference; fileEncoding = 4; lastKnownFileType = sourcecode.c.h; path = "patch-ips.h"; sourceTree = "<group>"; };
		9E8AD26B1B37A93600627671 /* patch-ups.h */ = {isa = PBXFileReference; fileEncoding = 4; lastKnownFileType = sourcecode.c.h; path = "patch-ups.h"; sourceTree = "<group>"; };
		9E8AD26D1B37A93600627671 /* patch.h */ = {isa = PBXFileReference; fileEncoding = 4; lastKnownFileType = sourcecode.c.h; path = patch.h; sourceTree = "<group>"; };
		9E8AD26F1B37A93600627671 /* png-io.h */ = {isa = PBXFileReference; fileEncoding = 4; lastKnownFileType = sourcecode.c.h; path = "png-io.h"; sourceTree = "<group>"; };
		9E8AD2701B37A93600627671 /* socket.h */ = {isa = PBXFileReference; fileEncoding = 4; lastKnownFileType = sourcecode.c.h; path = socket.h; sourceTree = "<group>"; };
		9E8AD2711B37A93600627671 /* string.c */ = {isa = PBXFileReference; fileEncoding = 4; lastKnownFileType = sourcecode.c.c; path = string.c; sourceTree = "<group>"; };
		9E8AD2721B37A93600627671 /* string.h */ = {isa = PBXFileReference; fileEncoding = 4; lastKnownFileType = sourcecode.c.h; path = string.h; sourceTree = "<group>"; };
		9E8AD2731B37A93600627671 /* table.c */ = {isa = PBXFileReference; fileEncoding = 4; lastKnownFileType = sourcecode.c.c; path = table.c; sourceTree = "<group>"; };
		9E8AD2741B37A93600627671 /* table.h */ = {isa = PBXFileReference; fileEncoding = 4; lastKnownFileType = sourcecode.c.h; path = table.h; sourceTree = "<group>"; };
		9E8AD2751B37A93600627671 /* threading.h */ = {isa = PBXFileReference; fileEncoding = 4; lastKnownFileType = sourcecode.c.h; path = threading.h; sourceTree = "<group>"; };
		9E8AD2761B37A93600627671 /* vector.h */ = {isa = PBXFileReference; fileEncoding = 4; lastKnownFileType = sourcecode.c.h; path = vector.h; sourceTree = "<group>"; };
		9E8AD2781B37A93600627671 /* version.h */ = {isa = PBXFileReference; fileEncoding = 4; lastKnownFileType = sourcecode.c.h; path = version.h; sourceTree = "<group>"; };
		9E8AD27F1B37A93600627671 /* vfs.c */ = {isa = PBXFileReference; fileEncoding = 4; lastKnownFileType = sourcecode.c.c; path = vfs.c; sourceTree = "<group>"; };
		9E8AD2801B37A93600627671 /* vfs.h */ = {isa = PBXFileReference; fileEncoding = 4; lastKnownFileType = sourcecode.c.h; path = vfs.h; sourceTree = "<group>"; };
		9E8AD3001B37A94400627671 /* bizinterface.c */ = {isa = PBXFileReference; fileEncoding = 4; lastKnownFileType = sourcecode.c.c; name = bizinterface.c; path = ../bizinterface.c; sourceTree = "<group>"; };
		9E8AD3061B37AAB500627671 /* vfs-mem.c */ = {isa = PBXFileReference; fileEncoding = 4; lastKnownFileType = sourcecode.c.c; path = "vfs-mem.c"; sourceTree = "<group>"; };
		9E8AD30F1B37B14C00627671 /* memory.c */ = {isa = PBXFileReference; fileEncoding = 4; lastKnownFileType = sourcecode.c.c; path = memory.c; sourceTree = "<group>"; };
/* End PBXFileReference section */

/* Begin PBXFrameworksBuildPhase section */
		9E8AD1231B37A78F00627671 /* Frameworks */ = {
			isa = PBXFrameworksBuildPhase;
			buildActionMask = 2147483647;
			files = (
			);
			runOnlyForDeploymentPostprocessing = 0;
		};
/* End PBXFrameworksBuildPhase section */

/* Begin PBXGroup section */
		9E6F8AE71C910BB400A3B82E /* cheats */ = {
			isa = PBXGroup;
			children = (
				9E6F8AE81C910BB400A3B82E /* cheats-private.h */,
				9E6F8AE91C910BB400A3B82E /* codebreaker.c */,
				9E6F8AEA1C910BB400A3B82E /* gameshark.c */,
				9E6F8AEB1C910BB400A3B82E /* gameshark.h */,
				9E6F8AEC1C910BB400A3B82E /* parv3.c */,
				9E6F8AED1C910BB400A3B82E /* parv3.h */,
			);
			path = cheats;
			sourceTree = "<group>";
		};
		9E6F8AEF1C910BB400A3B82E /* context */ = {
			isa = PBXGroup;
			children = (
				9E6F8AF01C910BB400A3B82E /* config.c */,
				9E6F8AF11C910BB400A3B82E /* config.h */,
				9E6F8AF21C910BB400A3B82E /* context.c */,
				9E6F8AF31C910BB400A3B82E /* context.h */,
				9E6F8AF41C910BB400A3B82E /* directories.c */,
				9E6F8AF51C910BB400A3B82E /* directories.h */,
				9E6F8AF61C910BB400A3B82E /* overrides.c */,
				9E6F8AF71C910BB400A3B82E /* overrides.h */,
				9E6F8AF81C910BB400A3B82E /* sync.c */,
				9E6F8AF91C910BB400A3B82E /* sync.h */,
			);
			path = context;
			sourceTree = "<group>";
		};
		9E6F8B171C910D3100A3B82E /* inih */ = {
			isa = PBXGroup;
			children = (
				9E6F8B181C910D3100A3B82E /* ini.c */,
				9E6F8B191C910D3100A3B82E /* ini.h */,
				9E6F8B1A1C910D3100A3B82E /* LICENSE.txt */,
				9E6F8B1B1C910D3100A3B82E /* README.md */,
			);
			path = inih;
			sourceTree = "<group>";
		};
		9E8AD11D1B37A78F00627671 = {
			isa = PBXGroup;
			children = (
				9E6F8B151C910CD800A3B82E /* localtime_r.c */,
				9E8AD30D1B37B13E00627671 /* platform */,
				9E8AD3001B37A94400627671 /* bizinterface.c */,
				9E8AD1E31B37A93600627671 /* third-party */,
				9E8AD2591B37A93600627671 /* util */,
				9E8AD16E1B37A91800627671 /* gba */,
				9E8AD14D1B37A90800627671 /* arm */,
				9E8AD1271B37A78F00627671 /* Products */,
			);
			sourceTree = "<group>";
		};
		9E8AD1271B37A78F00627671 /* Products */ = {
			isa = PBXGroup;
			children = (
				9E8AD1261B37A78F00627671 /* libmgba.dylib */,
			);
			name = Products;
			sourceTree = "<group>";
		};
		9E8AD14D1B37A90800627671 /* arm */ = {
			isa = PBXGroup;
			children = (
				9E8AD14E1B37A90800627671 /* arm.c */,
				9E8AD14F1B37A90800627671 /* arm.h */,
				9E8AD1501B37A90800627671 /* decoder-arm.c */,
				9E8AD1511B37A90800627671 /* decoder-inlines.h */,
				9E8AD1521B37A90800627671 /* decoder-thumb.c */,
				9E8AD1531B37A90800627671 /* decoder.c */,
				9E8AD1541B37A90800627671 /* decoder.h */,
				9E8AD1551B37A90800627671 /* emitter-arm.h */,
				9E8AD1561B37A90800627671 /* emitter-inlines.h */,
				9E8AD1571B37A90800627671 /* emitter-thumb.h */,
				9E8AD1581B37A90800627671 /* isa-arm.c */,
				9E8AD1591B37A90800627671 /* isa-arm.h */,
				9E8AD15A1B37A90800627671 /* isa-inlines.h */,
				9E8AD15B1B37A90800627671 /* isa-thumb.c */,
				9E8AD15C1B37A90800627671 /* isa-thumb.h */,
				9E8AD15D1B37A90800627671 /* macros.h */,
			);
			name = arm;
			path = ../../../arm;
			sourceTree = "<group>";
		};
		9E8AD16E1B37A91800627671 /* gba */ = {
			isa = PBXGroup;
			children = (
				9E6F8AE71C910BB400A3B82E /* cheats */,
				9E6F8AEE1C910BB400A3B82E /* cheats.c */,
				9E6F8AEF1C910BB400A3B82E /* context */,
				9E8AD16F1B37A91800627671 /* audio.c */,
				9E8AD1701B37A91800627671 /* audio.h */,
				9E8AD1711B37A91800627671 /* bios.c */,
				9E8AD1721B37A91800627671 /* bios.h */,
				9E8AD17B1B37A91800627671 /* cheats.h */,
				9E8AD17C1B37A91800627671 /* gba.c */,
				9E8AD17D1B37A91800627671 /* gba.h */,
				9E8AD17E1B37A91800627671 /* hardware.c */,
				9E8AD17F1B37A91800627671 /* hardware.h */,
				9E8AD1801B37A91800627671 /* hle-bios.c */,
				9E8AD1811B37A91800627671 /* hle-bios.h */,
				9E8AD1851B37A91800627671 /* input.h */,
				9E8AD1861B37A91800627671 /* io.c */,
				9E8AD1871B37A91800627671 /* io.h */,
				9E8AD1881B37A91800627671 /* memory.c */,
				9E8AD1891B37A91800627671 /* memory.h */,
				9E8AD18A1B37A91800627671 /* renderers */,
				9E8AD1921B37A91800627671 /* savedata.c */,
				9E8AD1931B37A91800627671 /* savedata.h */,
				9E8AD1941B37A91800627671 /* serialize.c */,
				9E8AD1951B37A91800627671 /* serialize.h */,
				9E8AD1961B37A91800627671 /* sharkport.c */,
				9E8AD1971B37A91800627671 /* sharkport.h */,
				9E8AD1981B37A91800627671 /* sio */,
				9E8AD19B1B37A91800627671 /* sio.c */,
				9E8AD19C1B37A91800627671 /* sio.h */,
				9E8AD1AA1B37A91800627671 /* video.c */,
				9E8AD1AB1B37A91800627671 /* video.h */,
			);
			name = gba;
			path = ../../../gba;
			sourceTree = "<group>";
		};
		9E8AD18A1B37A91800627671 /* renderers */ = {
			isa = PBXGroup;
			children = (
				9E6F8B0B1C910BF300A3B82E /* software-bg.c */,
				9E6F8B0C1C910BF300A3B82E /* software-mode0.c */,
				9E6F8B0D1C910BF300A3B82E /* software-obj.c */,
				9E6F8B0E1C910BF300A3B82E /* software-private.h */,
				9E8AD18B1B37A91800627671 /* video-software.c */,
				9E8AD18C1B37A91800627671 /* video-software.h */,
			);
			path = renderers;
			sourceTree = "<group>";
		};
		9E8AD1981B37A91800627671 /* sio */ = {
			isa = PBXGroup;
			children = (
				9E8AD1991B37A91800627671 /* lockstep.c */,
				9E8AD19A1B37A91800627671 /* lockstep.h */,
			);
			path = sio;
			sourceTree = "<group>";
		};
		9E8AD1E31B37A93600627671 /* third-party */ = {
			isa = PBXGroup;
			children = (
				9E6F8B171C910D3100A3B82E /* inih */,
				9E8AD1E41B37A93600627671 /* blip_buf */,
			);
			name = "third-party";
			path = "../../../third-party";
			sourceTree = "<group>";
		};
		9E8AD1E41B37A93600627671 /* blip_buf */ = {
			isa = PBXGroup;
			children = (
				9E8AD1E51B37A93600627671 /* blip_buf.c */,
				9E8AD1E61B37A93600627671 /* blip_buf.h */,
			);
			path = blip_buf;
			sourceTree = "<group>";
		};
		9E8AD2591B37A93600627671 /* util */ = {
			isa = PBXGroup;
			children = (
				9E6F8B131C910C9400A3B82E /* configuration.c */,
				9E8AD3021B37AAB500627671 /* vfs */,
				9E8AD25A1B37A93600627671 /* arm-algo.h */,
				9E8AD25C1B37A93600627671 /* circle-buffer.c */,
				9E8AD25D1B37A93600627671 /* circle-buffer.h */,
				9E8AD25E1B37A93600627671 /* common.h */,
				9E8AD2601B37A93600627671 /* configuration.h */,
				9E8AD2611B37A93600627671 /* crc32.c */,
				9E8AD2621B37A93600627671 /* crc32.h */,
				9E8AD2631B37A93600627671 /* formatting.c */,
				9E8AD2641B37A93600627671 /* formatting.h */,
				9E8AD2651B37A93600627671 /* hash.c */,
				9E8AD2661B37A93600627671 /* hash.h */,
				9E8AD2671B37A93600627671 /* memory.h */,
				9E8AD2691B37A93600627671 /* patch-ips.h */,
				9E8AD26B1B37A93600627671 /* patch-ups.h */,
				9E8AD26D1B37A93600627671 /* patch.h */,
				9E8AD26F1B37A93600627671 /* png-io.h */,
				9E8AD2701B37A93600627671 /* socket.h */,
				9E8AD2711B37A93600627671 /* string.c */,
				9E8AD2721B37A93600627671 /* string.h */,
				9E8AD2731B37A93600627671 /* table.c */,
				9E8AD2741B37A93600627671 /* table.h */,
				9E8AD2751B37A93600627671 /* threading.h */,
				9E8AD2761B37A93600627671 /* vector.h */,
				9E8AD2781B37A93600627671 /* version.h */,
				9E8AD27F1B37A93600627671 /* vfs.c */,
				9E8AD2801B37A93600627671 /* vfs.h */,
			);
			name = util;
			path = ../../../util;
			sourceTree = "<group>";
		};
		9E8AD3021B37AAB500627671 /* vfs */ = {
			isa = PBXGroup;
			children = (
				9E8AD3061B37AAB500627671 /* vfs-mem.c */,
			);
			path = vfs;
			sourceTree = "<group>";
		};
		9E8AD30D1B37B13E00627671 /* platform */ = {
			isa = PBXGroup;
			children = (
				9E8AD30E1B37B14C00627671 /* posix */,
			);
			name = platform;
			sourceTree = "<group>";
		};
		9E8AD30E1B37B14C00627671 /* posix */ = {
			isa = PBXGroup;
			children = (
				9E8AD30F1B37B14C00627671 /* memory.c */,
			);
			name = posix;
			path = ../../posix;
			sourceTree = "<group>";
		};
/* End PBXGroup section */

/* Begin PBXHeadersBuildPhase section */
		9E8AD1241B37A78F00627671 /* Headers */ = {
			isa = PBXHeadersBuildPhase;
			buildActionMask = 2147483647;
			files = (
				9E8AD1D41B37A91800627671 /* sio.h in Headers */,
				9E8AD2F01B37A93600627671 /* png-io.h in Headers */,
				9E8AD2F81B37A93600627671 /* version.h in Headers */,
				9E8AD1AD1B37A91800627671 /* audio.h in Headers */,
				9E8AD1C61B37A91800627671 /* video-software.h in Headers */,
				9E8AD2E51B37A93600627671 /* formatting.h in Headers */,
				9E8AD2DE1B37A93600627671 /* circle-buffer.h in Headers */,
				9E8AD16C1B37A90800627671 /* isa-thumb.h in Headers */,
				9E6F8B041C910BB400A3B82E /* context.h in Headers */,
				9E6F8AFD1C910BB400A3B82E /* gameshark.h in Headers */,
				9E8AD2821B37A93600627671 /* blip_buf.h in Headers */,
				9E8AD16D1B37A90800627671 /* macros.h in Headers */,
				9E8AD1CC1B37A91800627671 /* savedata.h in Headers */,
				9E8AD1671B37A90800627671 /* emitter-thumb.h in Headers */,
				9E8AD1611B37A90800627671 /* decoder-inlines.h in Headers */,
				9E8AD2F11B37A93600627671 /* socket.h in Headers */,
				9E6F8AFF1C910BB400A3B82E /* parv3.h in Headers */,
				9E8AD1B71B37A91800627671 /* cheats.h in Headers */,
				9E6F8B081C910BB400A3B82E /* overrides.h in Headers */,
				9E8AD1D21B37A91800627671 /* lockstep.h in Headers */,
				9E8AD1E21B37A91800627671 /* video.h in Headers */,
				9E8AD1641B37A90800627671 /* decoder.h in Headers */,
				9E8AD2F31B37A93600627671 /* string.h in Headers */,
				9E8AD1691B37A90800627671 /* isa-arm.h in Headers */,
				9E6F8B1D1C910D3100A3B82E /* ini.h in Headers */,
				9E8AD1651B37A90800627671 /* emitter-arm.h in Headers */,
				9E8AD2F61B37A93600627671 /* threading.h in Headers */,
				9E6F8AFA1C910BB400A3B82E /* cheats-private.h in Headers */,
				9E6F8B121C910BF300A3B82E /* software-private.h in Headers */,
				9E8AD2E11B37A93600627671 /* configuration.h in Headers */,
				9E8AD1CE1B37A91800627671 /* serialize.h in Headers */,
				9E8AD2DF1B37A93600627671 /* common.h in Headers */,
				9E8AD2FF1B37A93600627671 /* vfs.h in Headers */,
				9E8AD1D01B37A91800627671 /* sharkport.h in Headers */,
				9E8AD2F51B37A93600627671 /* table.h in Headers */,
				9E8AD2EE1B37A93600627671 /* patch.h in Headers */,
				9E8AD15F1B37A90800627671 /* arm.h in Headers */,
				9E8AD1B91B37A91800627671 /* gba.h in Headers */,
				9E8AD2F71B37A93600627671 /* vector.h in Headers */,
				9E8AD2EA1B37A93600627671 /* patch-ips.h in Headers */,
				9E8AD1C21B37A91800627671 /* io.h in Headers */,
				9E8AD2E31B37A93600627671 /* crc32.h in Headers */,
				9E8AD2DB1B37A93600627671 /* arm-algo.h in Headers */,
				9E8AD1BB1B37A91800627671 /* hardware.h in Headers */,
				9E6F8B021C910BB400A3B82E /* config.h in Headers */,
				9E8AD2E81B37A93600627671 /* memory.h in Headers */,
				9E6F8B0A1C910BB400A3B82E /* sync.h in Headers */,
				9E8AD2EC1B37A93600627671 /* patch-ups.h in Headers */,
				9E8AD1AF1B37A91800627671 /* bios.h in Headers */,
				9E8AD1C41B37A91800627671 /* memory.h in Headers */,
				9E8AD1BD1B37A91800627671 /* hle-bios.h in Headers */,
				9E8AD1C01B37A91800627671 /* input.h in Headers */,
				9E8AD1661B37A90800627671 /* emitter-inlines.h in Headers */,
				9E6F8B061C910BB400A3B82E /* directories.h in Headers */,
				9E8AD2E71B37A93600627671 /* hash.h in Headers */,
				9E8AD16A1B37A90800627671 /* isa-inlines.h in Headers */,
			);
			runOnlyForDeploymentPostprocessing = 0;
		};
/* End PBXHeadersBuildPhase section */

/* Begin PBXNativeTarget section */
		9E8AD1251B37A78F00627671 /* mgba */ = {
			isa = PBXNativeTarget;
			buildConfigurationList = 9E8AD12A1B37A78F00627671 /* Build configuration list for PBXNativeTarget "mgba" */;
			buildPhases = (
				9E8AD1221B37A78F00627671 /* Sources */,
				9E8AD1231B37A78F00627671 /* Frameworks */,
				9E8AD1241B37A78F00627671 /* Headers */,
			);
			buildRules = (
			);
			dependencies = (
			);
			name = mgba;
			productName = mgba;
			productReference = 9E8AD1261B37A78F00627671 /* libmgba.dylib */;
			productType = "com.apple.product-type.library.dynamic";
		};
/* End PBXNativeTarget section */

/* Begin PBXProject section */
		9E8AD11E1B37A78F00627671 /* Project object */ = {
			isa = PBXProject;
			attributes = {
				LastUpgradeCheck = 0630;
				ORGANIZATIONNAME = bizhawk;
				TargetAttributes = {
					9E8AD1251B37A78F00627671 = {
						CreatedOnToolsVersion = 6.3.2;
					};
				};
			};
			buildConfigurationList = 9E8AD1211B37A78F00627671 /* Build configuration list for PBXProject "mgba" */;
			compatibilityVersion = "Xcode 3.2";
			developmentRegion = English;
			hasScannedForEncodings = 0;
			knownRegions = (
				en,
			);
			mainGroup = 9E8AD11D1B37A78F00627671;
			productRefGroup = 9E8AD1271B37A78F00627671 /* Products */;
			projectDirPath = "";
			projectRoot = "";
			targets = (
				9E8AD1251B37A78F00627671 /* mgba */,
			);
		};
/* End PBXProject section */

/* Begin PBXSourcesBuildPhase section */
		9E8AD1221B37A78F00627671 /* Sources */ = {
			isa = PBXSourcesBuildPhase;
			buildActionMask = 2147483647;
			files = (
				9E8AD1AC1B37A91800627671 /* audio.c in Sources */,
				9E8AD2E21B37A93600627671 /* crc32.c in Sources */,
				9E8AD16B1B37A90800627671 /* isa-thumb.c in Sources */,
				9E8AD1CF1B37A91800627671 /* sharkport.c in Sources */,
				9E8AD2DD1B37A93600627671 /* circle-buffer.c in Sources */,
				9E8AD1B81B37A91800627671 /* gba.c in Sources */,
				9E8AD1631B37A90800627671 /* decoder.c in Sources */,
				9E6F8B1E1C910D3100A3B82E /* README.md in Sources */,
				9E6F8B0F1C910BF300A3B82E /* software-bg.c in Sources */,
				9E8AD15E1B37A90800627671 /* arm.c in Sources */,
				9E8AD3011B37A94400627671 /* bizinterface.c in Sources */,
				9E6F8B001C910BB400A3B82E /* cheats.c in Sources */,
				9E6F8B141C910C9400A3B82E /* configuration.c in Sources */,
				9E8AD1C11B37A91800627671 /* io.c in Sources */,
				9E8AD2E61B37A93600627671 /* hash.c in Sources */,
				9E8AD1CB1B37A91800627671 /* savedata.c in Sources */,
				9E8AD1C51B37A91800627671 /* video-software.c in Sources */,
				9E6F8AFC1C910BB400A3B82E /* gameshark.c in Sources */,
				9E6F8B1C1C910D3100A3B82E /* ini.c in Sources */,
				9E6F8B111C910BF300A3B82E /* software-obj.c in Sources */,
				9E8AD1D11B37A91800627671 /* lockstep.c in Sources */,
				9E8AD2FE1B37A93600627671 /* vfs.c in Sources */,
				9E8AD1AE1B37A91800627671 /* bios.c in Sources */,
				9E8AD1CD1B37A91800627671 /* serialize.c in Sources */,
				9E8AD1681B37A90800627671 /* isa-arm.c in Sources */,
				9E8AD1621B37A90800627671 /* decoder-thumb.c in Sources */,
				9E6F8B101C910BF300A3B82E /* software-mode0.c in Sources */,
				9E8AD3101B37B14C00627671 /* memory.c in Sources */,
				9E8AD2811B37A93600627671 /* blip_buf.c in Sources */,
				9E8AD30B1B37AAB500627671 /* vfs-mem.c in Sources */,
				9E8AD2E41B37A93600627671 /* formatting.c in Sources */,
				9E8AD1D31B37A91800627671 /* sio.c in Sources */,
				9E8AD2F41B37A93600627671 /* table.c in Sources */,
				9E8AD1601B37A90800627671 /* decoder-arm.c in Sources */,
				9E8AD1BC1B37A91800627671 /* hle-bios.c in Sources */,
				9E6F8B091C910BB400A3B82E /* sync.c in Sources */,
				9E6F8B071C910BB400A3B82E /* overrides.c in Sources */,
				9E6F8B011C910BB400A3B82E /* config.c in Sources */,
				9E8AD1C31B37A91800627671 /* memory.c in Sources */,
				9E8AD2F21B37A93600627671 /* string.c in Sources */,
				9E6F8AFE1C910BB400A3B82E /* parv3.c in Sources */,
				9E8AD1BA1B37A91800627671 /* hardware.c in Sources */,
				9E8AD1E11B37A91800627671 /* video.c in Sources */,
				9E6F8AFB1C910BB400A3B82E /* codebreaker.c in Sources */,
			);
			runOnlyForDeploymentPostprocessing = 0;
		};
/* End PBXSourcesBuildPhase section */

/* Begin XCBuildConfiguration section */
		9E8AD1281B37A78F00627671 /* Debug */ = {
			isa = XCBuildConfiguration;
			buildSettings = {
				ALWAYS_SEARCH_USER_PATHS = NO;
				CLANG_CXX_LANGUAGE_STANDARD = "gnu++0x";
				CLANG_CXX_LIBRARY = "libc++";
				CLANG_ENABLE_MODULES = YES;
				CLANG_ENABLE_OBJC_ARC = YES;
				CLANG_WARN_BOOL_CONVERSION = YES;
				CLANG_WARN_CONSTANT_CONVERSION = YES;
				CLANG_WARN_DIRECT_OBJC_ISA_USAGE = YES_ERROR;
				CLANG_WARN_EMPTY_BODY = YES;
				CLANG_WARN_ENUM_CONVERSION = YES;
				CLANG_WARN_INT_CONVERSION = YES;
				CLANG_WARN_OBJC_ROOT_CLASS = YES_ERROR;
				CLANG_WARN_UNREACHABLE_CODE = YES;
				CLANG_WARN__DUPLICATE_METHOD_MATCH = YES;
				COPY_PHASE_STRIP = NO;
				DEBUG_INFORMATION_FORMAT = dwarf;
				ENABLE_STRICT_OBJC_MSGSEND = YES;
				GCC_C_LANGUAGE_STANDARD = gnu99;
				GCC_DYNAMIC_NO_PIC = NO;
				GCC_NO_COMMON_BLOCKS = YES;
				GCC_OPTIMIZATION_LEVEL = 0;
				GCC_PREPROCESSOR_DEFINITIONS = (
					"DEBUG=1",
					"$(inherited)",
				);
				GCC_SYMBOLS_PRIVATE_EXTERN = NO;
				GCC_WARN_64_TO_32_BIT_CONVERSION = YES;
				GCC_WARN_ABOUT_RETURN_TYPE = YES_ERROR;
				GCC_WARN_UNDECLARED_SELECTOR = YES;
				GCC_WARN_UNINITIALIZED_AUTOS = YES_AGGRESSIVE;
				GCC_WARN_UNUSED_FUNCTION = YES;
				GCC_WARN_UNUSED_VARIABLE = YES;
				MACOSX_DEPLOYMENT_TARGET = 10.11;
				MTL_ENABLE_DEBUG_INFO = YES;
				ONLY_ACTIVE_ARCH = YES;
				SDKROOT = macosx;
			};
			name = Debug;
		};
		9E8AD1291B37A78F00627671 /* Release */ = {
			isa = XCBuildConfiguration;
			buildSettings = {
				ALWAYS_SEARCH_USER_PATHS = NO;
				CLANG_CXX_LANGUAGE_STANDARD = "gnu++0x";
				CLANG_CXX_LIBRARY = "libc++";
				CLANG_ENABLE_MODULES = YES;
				CLANG_ENABLE_OBJC_ARC = YES;
				CLANG_WARN_BOOL_CONVERSION = YES;
				CLANG_WARN_CONSTANT_CONVERSION = YES;
				CLANG_WARN_DIRECT_OBJC_ISA_USAGE = YES_ERROR;
				CLANG_WARN_EMPTY_BODY = YES;
				CLANG_WARN_ENUM_CONVERSION = YES;
				CLANG_WARN_INT_CONVERSION = YES;
				CLANG_WARN_OBJC_ROOT_CLASS = YES_ERROR;
				CLANG_WARN_UNREACHABLE_CODE = YES;
				CLANG_WARN__DUPLICATE_METHOD_MATCH = YES;
				COPY_PHASE_STRIP = NO;
				DEBUG_INFORMATION_FORMAT = "dwarf-with-dsym";
				ENABLE_NS_ASSERTIONS = NO;
				ENABLE_STRICT_OBJC_MSGSEND = YES;
				GCC_C_LANGUAGE_STANDARD = gnu99;
				GCC_NO_COMMON_BLOCKS = YES;
				GCC_WARN_64_TO_32_BIT_CONVERSION = YES;
				GCC_WARN_ABOUT_RETURN_TYPE = YES_ERROR;
				GCC_WARN_UNDECLARED_SELECTOR = YES;
				GCC_WARN_UNINITIALIZED_AUTOS = YES_AGGRESSIVE;
				GCC_WARN_UNUSED_FUNCTION = YES;
				GCC_WARN_UNUSED_VARIABLE = YES;
				MACOSX_DEPLOYMENT_TARGET = 10.11;
				MTL_ENABLE_DEBUG_INFO = NO;
				SDKROOT = macosx;
			};
			name = Release;
		};
		9E8AD12B1B37A78F00627671 /* Debug */ = {
			isa = XCBuildConfiguration;
			buildSettings = {
				ARCHS = "$(ARCHS_STANDARD_32_BIT)";
				DYLIB_COMPATIBILITY_VERSION = 1;
				DYLIB_CURRENT_VERSION = 1;
				EXECUTABLE_PREFIX = lib;
				GCC_PREPROCESSOR_DEFINITIONS = (
					"DEBUG=1",
					"$(inherited)",
					"RESAMPLE_LIBRARY=RESAMPLE_BLIP_BUF",
					"DISABLE_THREADING=1",
					"FALSE=0",
					"TRUE=1",
					"GBA_LOG_ABORT=GBA_LOG_DEBUG",
					"MINIMAL_CORE=2",
					HAVE_LOCALTIME_R,
				);
				HEADER_SEARCH_PATHS = (
					"$(inherited)",
					/Applications/Xcode.app/Contents/Developer/Toolchains/XcodeDefault.xctoolchain/usr/include,
					"$(SRCROOT)/../../../",
				);
				MACOSX_DEPLOYMENT_TARGET = 10.7;
				PRODUCT_NAME = "$(TARGET_NAME)";
			};
			name = Debug;
		};
		9E8AD12C1B37A78F00627671 /* Release */ = {
			isa = XCBuildConfiguration;
			buildSettings = {
				ARCHS = "$(ARCHS_STANDARD_32_BIT)";
				DYLIB_COMPATIBILITY_VERSION = 1;
				DYLIB_CURRENT_VERSION = 1;
				EXECUTABLE_PREFIX = lib;
				GCC_PREPROCESSOR_DEFINITIONS = (
					"RESAMPLE_LIBRARY=RESAMPLE_BLIP_BUF",
					"DISABLE_THREADING=1",
					"FALSE=0",
					"TRUE=1",
					"MINIMAL_CORE=2",
					HAVE_LOCALTIME_R,
				);
				HEADER_SEARCH_PATHS = (
					"$(inherited)",
					/Applications/Xcode.app/Contents/Developer/Toolchains/XcodeDefault.xctoolchain/usr/include,
					"$(SRCROOT)/../../../",
				);
				MACOSX_DEPLOYMENT_TARGET = 10.7;
				PRODUCT_NAME = "$(TARGET_NAME)";
			};
			name = Release;
		};
/* End XCBuildConfiguration section */

/* Begin XCConfigurationList section */
		9E8AD1211B37A78F00627671 /* Build configuration list for PBXProject "mgba" */ = {
			isa = XCConfigurationList;
			buildConfigurations = (
				9E8AD1281B37A78F00627671 /* Debug */,
				9E8AD1291B37A78F00627671 /* Release */,
			);
			defaultConfigurationIsVisible = 0;
			defaultConfigurationName = Release;
		};
		9E8AD12A1B37A78F00627671 /* Build configuration list for PBXNativeTarget "mgba" */ = {
			isa = XCConfigurationList;
			buildConfigurations = (
				9E8AD12B1B37A78F00627671 /* Debug */,
				9E8AD12C1B37A78F00627671 /* Release */,
			);
			defaultConfigurationIsVisible = 0;
			defaultConfigurationName = Release;
		};
/* End XCConfigurationList section */
	};
	rootObject = 9E8AD11E1B37A78F00627671 /* Project object */;
}
